
Microsoft Visual Studio Solution File, Format Version 12.00
# Visual Studio 15
VisualStudioVersion = 15.0.28307.489
MinimumVisualStudioVersion = 10.0.40219.1
Project("{FAE04EC0-301F-11D3-BF4B-00C04F79EFBC}") = "charts.Android", "charts\charts.Android\charts.Android.csproj", "{6356193A-1B29-46DE-859A-9D309B7E9240}"
EndProject
Project("{FAE04EC0-301F-11D3-BF4B-00C04F79EFBC}") = "charts.iOS", "charts\charts.iOS\charts.iOS.csproj", "{CA4FC7AE-4C40-4B63-BEAB-E6F9C2526DB6}"
EndProject
Project("{FAE04EC0-301F-11D3-BF4B-00C04F79EFBC}") = "charts.UWP", "charts\charts.UWP\charts.UWP.csproj", "{BAAF494C-5312-459B-B17F-3386A1B96A3D}"
EndProject
Project("{FAE04EC0-301F-11D3-BF4B-00C04F79EFBC}") = "charts", "charts\charts\charts.csproj", "{DBA60BD2-475F-41FC-9372-D2DC03255D08}"
EndProject
Global
	GlobalSection(SolutionConfigurationPlatforms) = preSolution
		Ad-Hoc|Any CPU = Ad-Hoc|Any CPU
		Ad-Hoc|ARM = Ad-Hoc|ARM
		Ad-Hoc|iPhone = Ad-Hoc|iPhone
		Ad-Hoc|iPhoneSimulator = Ad-Hoc|iPhoneSimulator
		Ad-Hoc|x64 = Ad-Hoc|x64
		Ad-Hoc|x86 = Ad-Hoc|x86
		AppStore|Any CPU = AppStore|Any CPU
		AppStore|ARM = AppStore|ARM
		AppStore|iPhone = AppStore|iPhone
		AppStore|iPhoneSimulator = AppStore|iPhoneSimulator
		AppStore|x64 = AppStore|x64
		AppStore|x86 = AppStore|x86
		Debug|Any CPU = Debug|Any CPU
		Debug|ARM = Debug|ARM
		Debug|iPhone = Debug|iPhone
		Debug|iPhoneSimulator = Debug|iPhoneSimulator
		Debug|x64 = Debug|x64
		Debug|x86 = Debug|x86
		Release|Any CPU = Release|Any CPU
		Release|ARM = Release|ARM
		Release|iPhone = Release|iPhone
		Release|iPhoneSimulator = Release|iPhoneSimulator
		Release|x64 = Release|x64
		Release|x86 = Release|x86
	EndGlobalSection
	GlobalSection(ProjectConfigurationPlatforms) = postSolution
		{6356193A-1B29-46DE-859A-9D309B7E9240}.Ad-Hoc|Any CPU.ActiveCfg = Release|Any CPU
		{6356193A-1B29-46DE-859A-9D309B7E9240}.Ad-Hoc|Any CPU.Build.0 = Release|Any CPU
		{6356193A-1B29-46DE-859A-9D309B7E9240}.Ad-Hoc|Any CPU.Deploy.0 = Release|Any CPU
		{6356193A-1B29-46DE-859A-9D309B7E9240}.Ad-Hoc|ARM.ActiveCfg = Release|Any CPU
		{6356193A-1B29-46DE-859A-9D309B7E9240}.Ad-Hoc|ARM.Build.0 = Release|Any CPU
		{6356193A-1B29-46DE-859A-9D309B7E9240}.Ad-Hoc|ARM.Deploy.0 = Release|Any CPU
		{6356193A-1B29-46DE-859A-9D309B7E9240}.Ad-Hoc|iPhone.ActiveCfg = Release|Any CPU
		{6356193A-1B29-46DE-859A-9D309B7E9240}.Ad-Hoc|iPhone.Build.0 = Release|Any CPU
		{6356193A-1B29-46DE-859A-9D309B7E9240}.Ad-Hoc|iPhone.Deploy.0 = Release|Any CPU
		{6356193A-1B29-46DE-859A-9D309B7E9240}.Ad-Hoc|iPhoneSimulator.ActiveCfg = Release|Any CPU
		{6356193A-1B29-46DE-859A-9D309B7E9240}.Ad-Hoc|iPhoneSimulator.Build.0 = Release|Any CPU
		{6356193A-1B29-46DE-859A-9D309B7E9240}.Ad-Hoc|iPhoneSimulator.Deploy.0 = Release|Any CPU
		{6356193A-1B29-46DE-859A-9D309B7E9240}.Ad-Hoc|x64.ActiveCfg = Release|Any CPU
		{6356193A-1B29-46DE-859A-9D309B7E9240}.Ad-Hoc|x64.Build.0 = Release|Any CPU
		{6356193A-1B29-46DE-859A-9D309B7E9240}.Ad-Hoc|x64.Deploy.0 = Release|Any CPU
		{6356193A-1B29-46DE-859A-9D309B7E9240}.Ad-Hoc|x86.ActiveCfg = Release|Any CPU
		{6356193A-1B29-46DE-859A-9D309B7E9240}.Ad-Hoc|x86.Build.0 = Release|Any CPU
		{6356193A-1B29-46DE-859A-9D309B7E9240}.Ad-Hoc|x86.Deploy.0 = Release|Any CPU
		{6356193A-1B29-46DE-859A-9D309B7E9240}.AppStore|Any CPU.ActiveCfg = Release|Any CPU
		{6356193A-1B29-46DE-859A-9D309B7E9240}.AppStore|Any CPU.Build.0 = Release|Any CPU
		{6356193A-1B29-46DE-859A-9D309B7E9240}.AppStore|Any CPU.Deploy.0 = Release|Any CPU
		{6356193A-1B29-46DE-859A-9D309B7E9240}.AppStore|ARM.ActiveCfg = Release|Any CPU
		{6356193A-1B29-46DE-859A-9D309B7E9240}.AppStore|ARM.Build.0 = Release|Any CPU
		{6356193A-1B29-46DE-859A-9D309B7E9240}.AppStore|ARM.Deploy.0 = Release|Any CPU
		{6356193A-1B29-46DE-859A-9D309B7E9240}.AppStore|iPhone.ActiveCfg = Release|Any CPU
		{6356193A-1B29-46DE-859A-9D309B7E9240}.AppStore|iPhone.Build.0 = Release|Any CPU
		{6356193A-1B29-46DE-859A-9D309B7E9240}.AppStore|iPhone.Deploy.0 = Release|Any CPU
		{6356193A-1B29-46DE-859A-9D309B7E9240}.AppStore|iPhoneSimulator.ActiveCfg = Release|Any CPU
		{6356193A-1B29-46DE-859A-9D309B7E9240}.AppStore|iPhoneSimulator.Build.0 = Release|Any CPU
		{6356193A-1B29-46DE-859A-9D309B7E9240}.AppStore|iPhoneSimulator.Deploy.0 = Release|Any CPU
		{6356193A-1B29-46DE-859A-9D309B7E9240}.AppStore|x64.ActiveCfg = Release|Any CPU
		{6356193A-1B29-46DE-859A-9D309B7E9240}.AppStore|x64.Build.0 = Release|Any CPU
		{6356193A-1B29-46DE-859A-9D309B7E9240}.AppStore|x64.Deploy.0 = Release|Any CPU
		{6356193A-1B29-46DE-859A-9D309B7E9240}.AppStore|x86.ActiveCfg = Release|Any CPU
		{6356193A-1B29-46DE-859A-9D309B7E9240}.AppStore|x86.Build.0 = Release|Any CPU
		{6356193A-1B29-46DE-859A-9D309B7E9240}.AppStore|x86.Deploy.0 = Release|Any CPU
		{6356193A-1B29-46DE-859A-9D309B7E9240}.Debug|Any CPU.ActiveCfg = Debug|Any CPU
		{6356193A-1B29-46DE-859A-9D309B7E9240}.Debug|Any CPU.Build.0 = Debug|Any CPU
		{6356193A-1B29-46DE-859A-9D309B7E9240}.Debug|Any CPU.Deploy.0 = Debug|Any CPU
		{6356193A-1B29-46DE-859A-9D309B7E9240}.Debug|ARM.ActiveCfg = Debug|Any CPU
		{6356193A-1B29-46DE-859A-9D309B7E9240}.Debug|ARM.Build.0 = Debug|Any CPU
		{6356193A-1B29-46DE-859A-9D309B7E9240}.Debug|ARM.Deploy.0 = Debug|Any CPU
		{6356193A-1B29-46DE-859A-9D309B7E9240}.Debug|iPhone.ActiveCfg = Debug|Any CPU
		{6356193A-1B29-46DE-859A-9D309B7E9240}.Debug|iPhone.Build.0 = Debug|Any CPU
		{6356193A-1B29-46DE-859A-9D309B7E9240}.Debug|iPhone.Deploy.0 = Debug|Any CPU
		{6356193A-1B29-46DE-859A-9D309B7E9240}.Debug|iPhoneSimulator.ActiveCfg = Debug|Any CPU
		{6356193A-1B29-46DE-859A-9D309B7E9240}.Debug|iPhoneSimulator.Build.0 = Debug|Any CPU
		{6356193A-1B29-46DE-859A-9D309B7E9240}.Debug|iPhoneSimulator.Deploy.0 = Debug|Any CPU
		{6356193A-1B29-46DE-859A-9D309B7E9240}.Debug|x64.ActiveCfg = Debug|Any CPU
		{6356193A-1B29-46DE-859A-9D309B7E9240}.Debug|x64.Build.0 = Debug|Any CPU
		{6356193A-1B29-46DE-859A-9D309B7E9240}.Debug|x64.Deploy.0 = Debug|Any CPU
		{6356193A-1B29-46DE-859A-9D309B7E9240}.Debug|x86.ActiveCfg = Debug|Any CPU
		{6356193A-1B29-46DE-859A-9D309B7E9240}.Debug|x86.Build.0 = Debug|Any CPU
		{6356193A-1B29-46DE-859A-9D309B7E9240}.Debug|x86.Deploy.0 = Debug|Any CPU
		{6356193A-1B29-46DE-859A-9D309B7E9240}.Release|Any CPU.ActiveCfg = Release|Any CPU
		{6356193A-1B29-46DE-859A-9D309B7E9240}.Release|Any CPU.Build.0 = Release|Any CPU
		{6356193A-1B29-46DE-859A-9D309B7E9240}.Release|Any CPU.Deploy.0 = Release|Any CPU
		{6356193A-1B29-46DE-859A-9D309B7E9240}.Release|ARM.ActiveCfg = Release|Any CPU
		{6356193A-1B29-46DE-859A-9D309B7E9240}.Release|ARM.Build.0 = Release|Any CPU
		{6356193A-1B29-46DE-859A-9D309B7E9240}.Release|ARM.Deploy.0 = Release|Any CPU
		{6356193A-1B29-46DE-859A-9D309B7E9240}.Release|iPhone.ActiveCfg = Release|Any CPU
		{6356193A-1B29-46DE-859A-9D309B7E9240}.Release|iPhone.Build.0 = Release|Any CPU
		{6356193A-1B29-46DE-859A-9D309B7E9240}.Release|iPhone.Deploy.0 = Release|Any CPU
		{6356193A-1B29-46DE-859A-9D309B7E9240}.Release|iPhoneSimulator.ActiveCfg = Release|Any CPU
		{6356193A-1B29-46DE-859A-9D309B7E9240}.Release|iPhoneSimulator.Build.0 = Release|Any CPU
		{6356193A-1B29-46DE-859A-9D309B7E9240}.Release|iPhoneSimulator.Deploy.0 = Release|Any CPU
		{6356193A-1B29-46DE-859A-9D309B7E9240}.Release|x64.ActiveCfg = Release|Any CPU
		{6356193A-1B29-46DE-859A-9D309B7E9240}.Release|x64.Build.0 = Release|Any CPU
		{6356193A-1B29-46DE-859A-9D309B7E9240}.Release|x64.Deploy.0 = Release|Any CPU
		{6356193A-1B29-46DE-859A-9D309B7E9240}.Release|x86.ActiveCfg = Release|Any CPU
		{6356193A-1B29-46DE-859A-9D309B7E9240}.Release|x86.Build.0 = Release|Any CPU
		{6356193A-1B29-46DE-859A-9D309B7E9240}.Release|x86.Deploy.0 = Release|Any CPU
		{CA4FC7AE-4C40-4B63-BEAB-E6F9C2526DB6}.Ad-Hoc|Any CPU.ActiveCfg = Ad-Hoc|iPhone
		{CA4FC7AE-4C40-4B63-BEAB-E6F9C2526DB6}.Ad-Hoc|Any CPU.Build.0 = Ad-Hoc|iPhone
		{CA4FC7AE-4C40-4B63-BEAB-E6F9C2526DB6}.Ad-Hoc|Any CPU.Deploy.0 = Ad-Hoc|iPhone
		{CA4FC7AE-4C40-4B63-BEAB-E6F9C2526DB6}.Ad-Hoc|ARM.ActiveCfg = Ad-Hoc|iPhone
		{CA4FC7AE-4C40-4B63-BEAB-E6F9C2526DB6}.Ad-Hoc|ARM.Build.0 = Ad-Hoc|iPhone
		{CA4FC7AE-4C40-4B63-BEAB-E6F9C2526DB6}.Ad-Hoc|ARM.Deploy.0 = Ad-Hoc|iPhone
		{CA4FC7AE-4C40-4B63-BEAB-E6F9C2526DB6}.Ad-Hoc|iPhone.ActiveCfg = Ad-Hoc|iPhone
		{CA4FC7AE-4C40-4B63-BEAB-E6F9C2526DB6}.Ad-Hoc|iPhone.Build.0 = Ad-Hoc|iPhone
		{CA4FC7AE-4C40-4B63-BEAB-E6F9C2526DB6}.Ad-Hoc|iPhone.Deploy.0 = Ad-Hoc|iPhone
		{CA4FC7AE-4C40-4B63-BEAB-E6F9C2526DB6}.Ad-Hoc|iPhoneSimulator.ActiveCfg = Ad-Hoc|iPhoneSimulator
		{CA4FC7AE-4C40-4B63-BEAB-E6F9C2526DB6}.Ad-Hoc|iPhoneSimulator.Build.0 = Ad-Hoc|iPhoneSimulator
		{CA4FC7AE-4C40-4B63-BEAB-E6F9C2526DB6}.Ad-Hoc|iPhoneSimulator.Deploy.0 = Ad-Hoc|iPhoneSimulator
		{CA4FC7AE-4C40-4B63-BEAB-E6F9C2526DB6}.Ad-Hoc|x64.ActiveCfg = Ad-Hoc|iPhone
		{CA4FC7AE-4C40-4B63-BEAB-E6F9C2526DB6}.Ad-Hoc|x64.Build.0 = Ad-Hoc|iPhone
		{CA4FC7AE-4C40-4B63-BEAB-E6F9C2526DB6}.Ad-Hoc|x64.Deploy.0 = Ad-Hoc|iPhone
		{CA4FC7AE-4C40-4B63-BEAB-E6F9C2526DB6}.Ad-Hoc|x86.ActiveCfg = Ad-Hoc|iPhone
		{CA4FC7AE-4C40-4B63-BEAB-E6F9C2526DB6}.Ad-Hoc|x86.Build.0 = Ad-Hoc|iPhone
		{CA4FC7AE-4C40-4B63-BEAB-E6F9C2526DB6}.Ad-Hoc|x86.Deploy.0 = Ad-Hoc|iPhone
		{CA4FC7AE-4C40-4B63-BEAB-E6F9C2526DB6}.AppStore|Any CPU.ActiveCfg = AppStore|iPhone
		{CA4FC7AE-4C40-4B63-BEAB-E6F9C2526DB6}.AppStore|Any CPU.Build.0 = AppStore|iPhone
		{CA4FC7AE-4C40-4B63-BEAB-E6F9C2526DB6}.AppStore|Any CPU.Deploy.0 = AppStore|iPhone
		{CA4FC7AE-4C40-4B63-BEAB-E6F9C2526DB6}.AppStore|ARM.ActiveCfg = AppStore|iPhone
		{CA4FC7AE-4C40-4B63-BEAB-E6F9C2526DB6}.AppStore|ARM.Build.0 = AppStore|iPhone
		{CA4FC7AE-4C40-4B63-BEAB-E6F9C2526DB6}.AppStore|ARM.Deploy.0 = AppStore|iPhone
		{CA4FC7AE-4C40-4B63-BEAB-E6F9C2526DB6}.AppStore|iPhone.ActiveCfg = AppStore|iPhone
		{CA4FC7AE-4C40-4B63-BEAB-E6F9C2526DB6}.AppStore|iPhone.Build.0 = AppStore|iPhone
		{CA4FC7AE-4C40-4B63-BEAB-E6F9C2526DB6}.AppStore|iPhone.Deploy.0 = AppStore|iPhone
		{CA4FC7AE-4C40-4B63-BEAB-E6F9C2526DB6}.AppStore|iPhoneSimulator.ActiveCfg = AppStore|iPhoneSimulator
		{CA4FC7AE-4C40-4B63-BEAB-E6F9C2526DB6}.AppStore|iPhoneSimulator.Build.0 = AppStore|iPhoneSimulator
		{CA4FC7AE-4C40-4B63-BEAB-E6F9C2526DB6}.AppStore|iPhoneSimulator.Deploy.0 = AppStore|iPhoneSimulator
		{CA4FC7AE-4C40-4B63-BEAB-E6F9C2526DB6}.AppStore|x64.ActiveCfg = AppStore|iPhone
		{CA4FC7AE-4C40-4B63-BEAB-E6F9C2526DB6}.AppStore|x64.Build.0 = AppStore|iPhone
		{CA4FC7AE-4C40-4B63-BEAB-E6F9C2526DB6}.AppStore|x64.Deploy.0 = AppStore|iPhone
		{CA4FC7AE-4C40-4B63-BEAB-E6F9C2526DB6}.AppStore|x86.ActiveCfg = AppStore|iPhone
		{CA4FC7AE-4C40-4B63-BEAB-E6F9C2526DB6}.AppStore|x86.Build.0 = AppStore|iPhone
		{CA4FC7AE-4C40-4B63-BEAB-E6F9C2526DB6}.AppStore|x86.Deploy.0 = AppStore|iPhone
		{CA4FC7AE-4C40-4B63-BEAB-E6F9C2526DB6}.Debug|Any CPU.ActiveCfg = Debug|iPhoneSimulator
		{CA4FC7AE-4C40-4B63-BEAB-E6F9C2526DB6}.Debug|Any CPU.Build.0 = Debug|iPhoneSimulator
		{CA4FC7AE-4C40-4B63-BEAB-E6F9C2526DB6}.Debug|Any CPU.Deploy.0 = Debug|iPhoneSimulator
		{CA4FC7AE-4C40-4B63-BEAB-E6F9C2526DB6}.Debug|ARM.ActiveCfg = Debug|iPhone
		{CA4FC7AE-4C40-4B63-BEAB-E6F9C2526DB6}.Debug|ARM.Build.0 = Debug|iPhone
		{CA4FC7AE-4C40-4B63-BEAB-E6F9C2526DB6}.Debug|ARM.Deploy.0 = Debug|iPhone
		{CA4FC7AE-4C40-4B63-BEAB-E6F9C2526DB6}.Debug|iPhone.ActiveCfg = Debug|iPhone
		{CA4FC7AE-4C40-4B63-BEAB-E6F9C2526DB6}.Debug|iPhone.Build.0 = Debug|iPhone
		{CA4FC7AE-4C40-4B63-BEAB-E6F9C2526DB6}.Debug|iPhone.Deploy.0 = Debug|iPhone
		{CA4FC7AE-4C40-4B63-BEAB-E6F9C2526DB6}.Debug|iPhoneSimulator.ActiveCfg = Debug|iPhoneSimulator
		{CA4FC7AE-4C40-4B63-BEAB-E6F9C2526DB6}.Debug|iPhoneSimulator.Build.0 = Debug|iPhoneSimulator
		{CA4FC7AE-4C40-4B63-BEAB-E6F9C2526DB6}.Debug|iPhoneSimulator.Deploy.0 = Debug|iPhoneSimulator
		{CA4FC7AE-4C40-4B63-BEAB-E6F9C2526DB6}.Debug|x64.ActiveCfg = Debug|iPhone
		{CA4FC7AE-4C40-4B63-BEAB-E6F9C2526DB6}.Debug|x64.Build.0 = Debug|iPhone
		{CA4FC7AE-4C40-4B63-BEAB-E6F9C2526DB6}.Debug|x64.Deploy.0 = Debug|iPhone
		{CA4FC7AE-4C40-4B63-BEAB-E6F9C2526DB6}.Debug|x86.ActiveCfg = Debug|iPhone
		{CA4FC7AE-4C40-4B63-BEAB-E6F9C2526DB6}.Debug|x86.Build.0 = Debug|iPhone
		{CA4FC7AE-4C40-4B63-BEAB-E6F9C2526DB6}.Debug|x86.Deploy.0 = Debug|iPhone
		{CA4FC7AE-4C40-4B63-BEAB-E6F9C2526DB6}.Release|Any CPU.ActiveCfg = Release|iPhone
		{CA4FC7AE-4C40-4B63-BEAB-E6F9C2526DB6}.Release|Any CPU.Build.0 = Release|iPhone
		{CA4FC7AE-4C40-4B63-BEAB-E6F9C2526DB6}.Release|Any CPU.Deploy.0 = Release|iPhone
		{CA4FC7AE-4C40-4B63-BEAB-E6F9C2526DB6}.Release|ARM.ActiveCfg = Release|iPhone
		{CA4FC7AE-4C40-4B63-BEAB-E6F9C2526DB6}.Release|ARM.Build.0 = Release|iPhone
		{CA4FC7AE-4C40-4B63-BEAB-E6F9C2526DB6}.Release|ARM.Deploy.0 = Release|iPhone
		{CA4FC7AE-4C40-4B63-BEAB-E6F9C2526DB6}.Release|iPhone.ActiveCfg = Release|iPhone
		{CA4FC7AE-4C40-4B63-BEAB-E6F9C2526DB6}.Release|iPhone.Build.0 = Release|iPhone
		{CA4FC7AE-4C40-4B63-BEAB-E6F9C2526DB6}.Release|iPhone.Deploy.0 = Release|iPhone
		{CA4FC7AE-4C40-4B63-BEAB-E6F9C2526DB6}.Release|iPhoneSimulator.ActiveCfg = Release|iPhoneSimulator
		{CA4FC7AE-4C40-4B63-BEAB-E6F9C2526DB6}.Release|iPhoneSimulator.Build.0 = Release|iPhoneSimulator
		{CA4FC7AE-4C40-4B63-BEAB-E6F9C2526DB6}.Release|iPhoneSimulator.Deploy.0 = Release|iPhoneSimulator
		{CA4FC7AE-4C40-4B63-BEAB-E6F9C2526DB6}.Release|x64.ActiveCfg = Release|iPhone
		{CA4FC7AE-4C40-4B63-BEAB-E6F9C2526DB6}.Release|x64.Build.0 = Release|iPhone
		{CA4FC7AE-4C40-4B63-BEAB-E6F9C2526DB6}.Release|x64.Deploy.0 = Release|iPhone
		{CA4FC7AE-4C40-4B63-BEAB-E6F9C2526DB6}.Release|x86.ActiveCfg = Release|iPhone
		{CA4FC7AE-4C40-4B63-BEAB-E6F9C2526DB6}.Release|x86.Build.0 = Release|iPhone
		{CA4FC7AE-4C40-4B63-BEAB-E6F9C2526DB6}.Release|x86.Deploy.0 = Release|iPhone
		{BAAF494C-5312-459B-B17F-3386A1B96A3D}.Ad-Hoc|Any CPU.ActiveCfg = Release|x86
		{BAAF494C-5312-459B-B17F-3386A1B96A3D}.Ad-Hoc|Any CPU.Build.0 = Release|x86
		{BAAF494C-5312-459B-B17F-3386A1B96A3D}.Ad-Hoc|Any CPU.Deploy.0 = Release|x86
		{BAAF494C-5312-459B-B17F-3386A1B96A3D}.Ad-Hoc|ARM.ActiveCfg = Release|ARM
		{BAAF494C-5312-459B-B17F-3386A1B96A3D}.Ad-Hoc|ARM.Build.0 = Release|ARM
		{BAAF494C-5312-459B-B17F-3386A1B96A3D}.Ad-Hoc|ARM.Deploy.0 = Release|ARM
		{BAAF494C-5312-459B-B17F-3386A1B96A3D}.Ad-Hoc|iPhone.ActiveCfg = Release|x86
		{BAAF494C-5312-459B-B17F-3386A1B96A3D}.Ad-Hoc|iPhone.Build.0 = Release|x86
		{BAAF494C-5312-459B-B17F-3386A1B96A3D}.Ad-Hoc|iPhone.Deploy.0 = Release|x86
		{BAAF494C-5312-459B-B17F-3386A1B96A3D}.Ad-Hoc|iPhoneSimulator.ActiveCfg = Release|x86
		{BAAF494C-5312-459B-B17F-3386A1B96A3D}.Ad-Hoc|iPhoneSimulator.Build.0 = Release|x86
		{BAAF494C-5312-459B-B17F-3386A1B96A3D}.Ad-Hoc|iPhoneSimulator.Deploy.0 = Release|x86
		{BAAF494C-5312-459B-B17F-3386A1B96A3D}.Ad-Hoc|x64.ActiveCfg = Release|x64
		{BAAF494C-5312-459B-B17F-3386A1B96A3D}.Ad-Hoc|x64.Build.0 = Release|x64
		{BAAF494C-5312-459B-B17F-3386A1B96A3D}.Ad-Hoc|x64.Deploy.0 = Release|x64
		{BAAF494C-5312-459B-B17F-3386A1B96A3D}.Ad-Hoc|x86.ActiveCfg = Release|x86
		{BAAF494C-5312-459B-B17F-3386A1B96A3D}.Ad-Hoc|x86.Build.0 = Release|x86
		{BAAF494C-5312-459B-B17F-3386A1B96A3D}.Ad-Hoc|x86.Deploy.0 = Release|x86
		{BAAF494C-5312-459B-B17F-3386A1B96A3D}.AppStore|Any CPU.ActiveCfg = Release|x86
		{BAAF494C-5312-459B-B17F-3386A1B96A3D}.AppStore|Any CPU.Build.0 = Release|x86
		{BAAF494C-5312-459B-B17F-3386A1B96A3D}.AppStore|Any CPU.Deploy.0 = Release|x86
		{BAAF494C-5312-459B-B17F-3386A1B96A3D}.AppStore|ARM.ActiveCfg = Release|ARM
		{BAAF494C-5312-459B-B17F-3386A1B96A3D}.AppStore|ARM.Build.0 = Release|ARM
		{BAAF494C-5312-459B-B17F-3386A1B96A3D}.AppStore|ARM.Deploy.0 = Release|ARM
		{BAAF494C-5312-459B-B17F-3386A1B96A3D}.AppStore|iPhone.ActiveCfg = Release|x86
		{BAAF494C-5312-459B-B17F-3386A1B96A3D}.AppStore|iPhone.Build.0 = Release|x86
		{BAAF494C-5312-459B-B17F-3386A1B96A3D}.AppStore|iPhone.Deploy.0 = Release|x86
		{BAAF494C-5312-459B-B17F-3386A1B96A3D}.AppStore|iPhoneSimulator.ActiveCfg = Release|x86
		{BAAF494C-5312-459B-B17F-3386A1B96A3D}.AppStore|iPhoneSimulator.Build.0 = Release|x86
		{BAAF494C-5312-459B-B17F-3386A1B96A3D}.AppStore|iPhoneSimulator.Deploy.0 = Release|x86
		{BAAF494C-5312-459B-B17F-3386A1B96A3D}.AppStore|x64.ActiveCfg = Release|x64
		{BAAF494C-5312-459B-B17F-3386A1B96A3D}.AppStore|x64.Build.0 = Release|x64
		{BAAF494C-5312-459B-B17F-3386A1B96A3D}.AppStore|x64.Deploy.0 = Release|x64
		{BAAF494C-5312-459B-B17F-3386A1B96A3D}.AppStore|x86.ActiveCfg = Release|x86
		{BAAF494C-5312-459B-B17F-3386A1B96A3D}.AppStore|x86.Build.0 = Release|x86
		{BAAF494C-5312-459B-B17F-3386A1B96A3D}.AppStore|x86.Deploy.0 = Release|x86
		{BAAF494C-5312-459B-B17F-3386A1B96A3D}.Debug|Any CPU.ActiveCfg = Debug|x86
		{BAAF494C-5312-459B-B17F-3386A1B96A3D}.Debug|Any CPU.Build.0 = Debug|x86
		{BAAF494C-5312-459B-B17F-3386A1B96A3D}.Debug|Any CPU.Deploy.0 = Debug|x86
		{BAAF494C-5312-459B-B17F-3386A1B96A3D}.Debug|ARM.ActiveCfg = Debug|ARM
		{BAAF494C-5312-459B-B17F-3386A1B96A3D}.Debug|ARM.Build.0 = Debug|ARM
		{BAAF494C-5312-459B-B17F-3386A1B96A3D}.Debug|ARM.Deploy.0 = Debug|ARM
		{BAAF494C-5312-459B-B17F-3386A1B96A3D}.Debug|iPhone.ActiveCfg = Debug|x86
		{BAAF494C-5312-459B-B17F-3386A1B96A3D}.Debug|iPhone.Build.0 = Debug|x86
		{BAAF494C-5312-459B-B17F-3386A1B96A3D}.Debug|iPhone.Deploy.0 = Debug|x86
		{BAAF494C-5312-459B-B17F-3386A1B96A3D}.Debug|iPhoneSimulator.ActiveCfg = Debug|x86
		{BAAF494C-5312-459B-B17F-3386A1B96A3D}.Debug|iPhoneSimulator.Build.0 = Debug|x86
		{BAAF494C-5312-459B-B17F-3386A1B96A3D}.Debug|iPhoneSimulator.Deploy.0 = Debug|x86
		{BAAF494C-5312-459B-B17F-3386A1B96A3D}.Debug|x64.ActiveCfg = Debug|x64
		{BAAF494C-5312-459B-B17F-3386A1B96A3D}.Debug|x64.Build.0 = Debug|x64
		{BAAF494C-5312-459B-B17F-3386A1B96A3D}.Debug|x64.Deploy.0 = Debug|x64
		{BAAF494C-5312-459B-B17F-3386A1B96A3D}.Debug|x86.ActiveCfg = Debug|x86
		{BAAF494C-5312-459B-B17F-3386A1B96A3D}.Debug|x86.Build.0 = Debug|x86
		{BAAF494C-5312-459B-B17F-3386A1B96A3D}.Debug|x86.Deploy.0 = Debug|x86
		{BAAF494C-5312-459B-B17F-3386A1B96A3D}.Release|Any CPU.ActiveCfg = Release|x86
		{BAAF494C-5312-459B-B17F-3386A1B96A3D}.Release|Any CPU.Build.0 = Release|x86
		{BAAF494C-5312-459B-B17F-3386A1B96A3D}.Release|Any CPU.Deploy.0 = Release|x86
		{BAAF494C-5312-459B-B17F-3386A1B96A3D}.Release|ARM.ActiveCfg = Release|ARM
		{BAAF494C-5312-459B-B17F-3386A1B96A3D}.Release|ARM.Build.0 = Release|ARM
		{BAAF494C-5312-459B-B17F-3386A1B96A3D}.Release|ARM.Deploy.0 = Release|ARM
		{BAAF494C-5312-459B-B17F-3386A1B96A3D}.Release|iPhone.ActiveCfg = Release|x86
		{BAAF494C-5312-459B-B17F-3386A1B96A3D}.Release|iPhone.Build.0 = Release|x86
		{BAAF494C-5312-459B-B17F-3386A1B96A3D}.Release|iPhone.Deploy.0 = Release|x86
		{BAAF494C-5312-459B-B17F-3386A1B96A3D}.Release|iPhoneSimulator.ActiveCfg = Release|x86
		{BAAF494C-5312-459B-B17F-3386A1B96A3D}.Release|iPhoneSimulator.Build.0 = Release|x86
		{BAAF494C-5312-459B-B17F-3386A1B96A3D}.Release|iPhoneSimulator.Deploy.0 = Release|x86
		{BAAF494C-5312-459B-B17F-3386A1B96A3D}.Release|x64.ActiveCfg = Release|x64
		{BAAF494C-5312-459B-B17F-3386A1B96A3D}.Release|x64.Build.0 = Release|x64
		{BAAF494C-5312-459B-B17F-3386A1B96A3D}.Release|x64.Deploy.0 = Release|x64
		{BAAF494C-5312-459B-B17F-3386A1B96A3D}.Release|x86.ActiveCfg = Release|x86
		{BAAF494C-5312-459B-B17F-3386A1B96A3D}.Release|x86.Build.0 = Release|x86
		{BAAF494C-5312-459B-B17F-3386A1B96A3D}.Release|x86.Deploy.0 = Release|x86
		{DBA60BD2-475F-41FC-9372-D2DC03255D08}.Ad-Hoc|Any CPU.ActiveCfg = Debug|Any CPU
		{DBA60BD2-475F-41FC-9372-D2DC03255D08}.Ad-Hoc|Any CPU.Build.0 = Debug|Any CPU
		{DBA60BD2-475F-41FC-9372-D2DC03255D08}.Ad-Hoc|Any CPU.Deploy.0 = Debug|Any CPU
		{DBA60BD2-475F-41FC-9372-D2DC03255D08}.Ad-Hoc|ARM.ActiveCfg = Debug|Any CPU
		{DBA60BD2-475F-41FC-9372-D2DC03255D08}.Ad-Hoc|ARM.Build.0 = Debug|Any CPU
		{DBA60BD2-475F-41FC-9372-D2DC03255D08}.Ad-Hoc|ARM.Deploy.0 = Debug|Any CPU
		{DBA60BD2-475F-41FC-9372-D2DC03255D08}.Ad-Hoc|iPhone.ActiveCfg = Debug|Any CPU
		{DBA60BD2-475F-41FC-9372-D2DC03255D08}.Ad-Hoc|iPhone.Build.0 = Debug|Any CPU
		{DBA60BD2-475F-41FC-9372-D2DC03255D08}.Ad-Hoc|iPhone.Deploy.0 = Debug|Any CPU
		{DBA60BD2-475F-41FC-9372-D2DC03255D08}.Ad-Hoc|iPhoneSimulator.ActiveCfg = Debug|Any CPU
		{DBA60BD2-475F-41FC-9372-D2DC03255D08}.Ad-Hoc|iPhoneSimulator.Build.0 = Debug|Any CPU
		{DBA60BD2-475F-41FC-9372-D2DC03255D08}.Ad-Hoc|iPhoneSimulator.Deploy.0 = Debug|Any CPU
		{DBA60BD2-475F-41FC-9372-D2DC03255D08}.Ad-Hoc|x64.ActiveCfg = Debug|Any CPU
		{DBA60BD2-475F-41FC-9372-D2DC03255D08}.Ad-Hoc|x64.Build.0 = Debug|Any CPU
		{DBA60BD2-475F-41FC-9372-D2DC03255D08}.Ad-Hoc|x64.Deploy.0 = Debug|Any CPU
		{DBA60BD2-475F-41FC-9372-D2DC03255D08}.Ad-Hoc|x86.ActiveCfg = Debug|Any CPU
		{DBA60BD2-475F-41FC-9372-D2DC03255D08}.Ad-Hoc|x86.Build.0 = Debug|Any CPU
		{DBA60BD2-475F-41FC-9372-D2DC03255D08}.Ad-Hoc|x86.Deploy.0 = Debug|Any CPU
		{DBA60BD2-475F-41FC-9372-D2DC03255D08}.AppStore|Any CPU.ActiveCfg = Debug|Any CPU
		{DBA60BD2-475F-41FC-9372-D2DC03255D08}.AppStore|Any CPU.Build.0 = Debug|Any CPU
		{DBA60BD2-475F-41FC-9372-D2DC03255D08}.AppStore|Any CPU.Deploy.0 = Debug|Any CPU
		{DBA60BD2-475F-41FC-9372-D2DC03255D08}.AppStore|ARM.ActiveCfg = Debug|Any CPU
		{DBA60BD2-475F-41FC-9372-D2DC03255D08}.AppStore|ARM.Build.0 = Debug|Any CPU
		{DBA60BD2-475F-41FC-9372-D2DC03255D08}.AppStore|ARM.Deploy.0 = Debug|Any CPU
		{DBA60BD2-475F-41FC-9372-D2DC03255D08}.AppStore|iPhone.ActiveCfg = Debug|Any CPU
		{DBA60BD2-475F-41FC-9372-D2DC03255D08}.AppStore|iPhone.Build.0 = Debug|Any CPU
		{DBA60BD2-475F-41FC-9372-D2DC03255D08}.AppStore|iPhone.Deploy.0 = Debug|Any CPU
		{DBA60BD2-475F-41FC-9372-D2DC03255D08}.AppStore|iPhoneSimulator.ActiveCfg = Debug|Any CPU
		{DBA60BD2-475F-41FC-9372-D2DC03255D08}.AppStore|iPhoneSimulator.Build.0 = Debug|Any CPU
		{DBA60BD2-475F-41FC-9372-D2DC03255D08}.AppStore|iPhoneSimulator.Deploy.0 = Debug|Any CPU
		{DBA60BD2-475F-41FC-9372-D2DC03255D08}.AppStore|x64.ActiveCfg = Debug|Any CPU
		{DBA60BD2-475F-41FC-9372-D2DC03255D08}.AppStore|x64.Build.0 = Debug|Any CPU
		{DBA60BD2-475F-41FC-9372-D2DC03255D08}.AppStore|x64.Deploy.0 = Debug|Any CPU
		{DBA60BD2-475F-41FC-9372-D2DC03255D08}.AppStore|x86.ActiveCfg = Debug|Any CPU
		{DBA60BD2-475F-41FC-9372-D2DC03255D08}.AppStore|x86.Build.0 = Debug|Any CPU
		{DBA60BD2-475F-41FC-9372-D2DC03255D08}.AppStore|x86.Deploy.0 = Debug|Any CPU
		{DBA60BD2-475F-41FC-9372-D2DC03255D08}.Debug|Any CPU.ActiveCfg = Debug|Any CPU
		{DBA60BD2-475F-41FC-9372-D2DC03255D08}.Debug|Any CPU.Build.0 = Debug|Any CPU
		{DBA60BD2-475F-41FC-9372-D2DC03255D08}.Debug|Any CPU.Deploy.0 = Debug|Any CPU
		{DBA60BD2-475F-41FC-9372-D2DC03255D08}.Debug|ARM.ActiveCfg = Debug|Any CPU
		{DBA60BD2-475F-41FC-9372-D2DC03255D08}.Debug|ARM.Build.0 = Debug|Any CPU
		{DBA60BD2-475F-41FC-9372-D2DC03255D08}.Debug|ARM.Deploy.0 = Debug|Any CPU
		{DBA60BD2-475F-41FC-9372-D2DC03255D08}.Debug|iPhone.ActiveCfg = Debug|Any CPU
		{DBA60BD2-475F-41FC-9372-D2DC03255D08}.Debug|iPhone.Build.0 = Debug|Any CPU
		{DBA60BD2-475F-41FC-9372-D2DC03255D08}.Debug|iPhone.Deploy.0 = Debug|Any CPU
		{DBA60BD2-475F-41FC-9372-D2DC03255D08}.Debug|iPhoneSimulator.ActiveCfg = Debug|Any CPU
		{DBA60BD2-475F-41FC-9372-D2DC03255D08}.Debug|iPhoneSimulator.Build.0 = Debug|Any CPU
		{DBA60BD2-475F-41FC-9372-D2DC03255D08}.Debug|iPhoneSimulator.Deploy.0 = Debug|Any CPU
		{DBA60BD2-475F-41FC-9372-D2DC03255D08}.Debug|x64.ActiveCfg = Debug|Any CPU
		{DBA60BD2-475F-41FC-9372-D2DC03255D08}.Debug|x64.Build.0 = Debug|Any CPU
		{DBA60BD2-475F-41FC-9372-D2DC03255D08}.Debug|x64.Deploy.0 = Debug|Any CPU
		{DBA60BD2-475F-41FC-9372-D2DC03255D08}.Debug|x86.ActiveCfg = Debug|Any CPU
		{DBA60BD2-475F-41FC-9372-D2DC03255D08}.Debug|x86.Build.0 = Debug|Any CPU
		{DBA60BD2-475F-41FC-9372-D2DC03255D08}.Debug|x86.Deploy.0 = Debug|Any CPU
		{DBA60BD2-475F-41FC-9372-D2DC03255D08}.Release|Any CPU.ActiveCfg = Release|Any CPU
		{DBA60BD2-475F-41FC-9372-D2DC03255D08}.Release|Any CPU.Build.0 = Release|Any CPU
		{DBA60BD2-475F-41FC-9372-D2DC03255D08}.Release|Any CPU.Deploy.0 = Release|Any CPU
		{DBA60BD2-475F-41FC-9372-D2DC03255D08}.Release|ARM.ActiveCfg = Release|Any CPU
		{DBA60BD2-475F-41FC-9372-D2DC03255D08}.Release|ARM.Build.0 = Release|Any CPU
		{DBA60BD2-475F-41FC-9372-D2DC03255D08}.Release|ARM.Deploy.0 = Release|Any CPU
		{DBA60BD2-475F-41FC-9372-D2DC03255D08}.Release|iPhone.ActiveCfg = Release|Any CPU
		{DBA60BD2-475F-41FC-9372-D2DC03255D08}.Release|iPhone.Build.0 = Release|Any CPU
		{DBA60BD2-475F-41FC-9372-D2DC03255D08}.Release|iPhone.Deploy.0 = Release|Any CPU
		{DBA60BD2-475F-41FC-9372-D2DC03255D08}.Release|iPhoneSimulator.ActiveCfg = Release|Any CPU
		{DBA60BD2-475F-41FC-9372-D2DC03255D08}.Release|iPhoneSimulator.Build.0 = Release|Any CPU
		{DBA60BD2-475F-41FC-9372-D2DC03255D08}.Release|iPhoneSimulator.Deploy.0 = Release|Any CPU
		{DBA60BD2-475F-41FC-9372-D2DC03255D08}.Release|x64.ActiveCfg = Release|Any CPU
		{DBA60BD2-475F-41FC-9372-D2DC03255D08}.Release|x64.Build.0 = Release|Any CPU
		{DBA60BD2-475F-41FC-9372-D2DC03255D08}.Release|x64.Deploy.0 = Release|Any CPU
		{DBA60BD2-475F-41FC-9372-D2DC03255D08}.Release|x86.ActiveCfg = Release|Any CPU
		{DBA60BD2-475F-41FC-9372-D2DC03255D08}.Release|x86.Build.0 = Release|Any CPU
		{DBA60BD2-475F-41FC-9372-D2DC03255D08}.Release|x86.Deploy.0 = Release|Any CPU
	EndGlobalSection
	GlobalSection(SolutionProperties) = preSolution
		HideSolutionNode = FALSE
	EndGlobalSection
	GlobalSection(ExtensibilityGlobals) = postSolution
		SolutionGuid = {06812318-2044-48C3-922D-8638A2B0DF12}
	EndGlobalSection
EndGlobal
